
Microsoft Visual Studio Solution File, Format Version 12.00
# Visual Studio Version 16
VisualStudioVersion = 25.0.1704.0
MinimumVisualStudioVersion = 10.0.40219.1
Project("{FAE04EC0-301F-11D3-BF4B-00C04F79EFBC}") = "MuseumWall", "MuseumWall.csproj", "{3AC66109-DA39-46B8-92F8-2C0DCA85982E}"
EndProject
Global
	GlobalSection(SolutionConfigurationPlatforms) = preSolution
		Debug|Any CPU = Debug|Any CPU
		Release|Any CPU = Release|Any CPU
		Master|Any CPU = Master|Any CPU
	EndGlobalSection
	GlobalSection(ProjectConfigurationPlatforms) = postSolution
		{3AC66109-DA39-46B8-92F8-2C0DCA85982E}.Debug|Any CPU.ActiveCfg = Debug|Any CPU
		{3AC66109-DA39-46B8-92F8-2C0DCA85982E}.Debug|Any CPU.Build.0 = Debug|Any CPU
		{3AC66109-DA39-46B8-92F8-2C0DCA85982E}.Release|Any CPU.ActiveCfg = Release|Any CPU
		{3AC66109-DA39-46B8-92F8-2C0DCA85982E}.Release|Any CPU.Build.0 = Release|Any CPU
	EndGlobalSection
	GlobalSection(SolutionProperties) = preSolution
		HideSolutionNode = FALSE
	EndGlobalSection
	GlobalSection(ExtensibilityGlobals) = postSolution
		SolutionGuid = {6B5AC40A-F283-4B67-B3F3-7B5042092D97}
	EndGlobalSection
EndGlobal
